// !$*UTF8*$!
{
	archiveVersion = 1;
	classes = {
	};
	objectVersion = 46;
	objects = {

/* Begin PBXBuildFile section */
		948326CA1AE307EB0099EC0A /* main.m in Sources */ = {isa = PBXBuildFile; fileRef = 948326C91AE307EB0099EC0A /* main.m */; };
		948326CD1AE307EB0099EC0A /* AppDelegate.m in Sources */ = {isa = PBXBuildFile; fileRef = 948326CC1AE307EB0099EC0A /* AppDelegate.m */; };
		948326D01AE307EB0099EC0A /* MasterViewController.m in Sources */ = {isa = PBXBuildFile; fileRef = 948326CF1AE307EB0099EC0A /* MasterViewController.m */; };
		948326D31AE307EB0099EC0A /* DetailViewController.m in Sources */ = {isa = PBXBuildFile; fileRef = 948326D21AE307EB0099EC0A /* DetailViewController.m */; };
		948326D81AE307EB0099EC0A /* Images.xcassets in Resources */ = {isa = PBXBuildFile; fileRef = 948326D71AE307EB0099EC0A /* Images.xcassets */; };
		948326DB1AE307EB0099EC0A /* LaunchScreen.xib in Resources */ = {isa = PBXBuildFile; fileRef = 948326D91AE307EB0099EC0A /* LaunchScreen.xib */; };
		948326E71AE307EC0099EC0A /* Used_BooksTests.m in Sources */ = {isa = PBXBuildFile; fileRef = 948326E61AE307EC0099EC0A /* Used_BooksTests.m */; };
		948326F81AE30CE00099EC0A /* EditViewController.m in Sources */ = {isa = PBXBuildFile; fileRef = 948326F61AE30CE00099EC0A /* EditViewController.m */; };
		948326F91AE30CE00099EC0A /* EditViewController.xib in Resources */ = {isa = PBXBuildFile; fileRef = 948326F71AE30CE00099EC0A /* EditViewController.xib */; };
		94A88C051AE3E99E00B03EF8 /* Bolts.framework in Frameworks */ = {isa = PBXBuildFile; fileRef = 94A88BFF1AE3E99E00B03EF8 /* Bolts.framework */; };
		94A88C061AE3E99E00B03EF8 /* Parse.framework in Frameworks */ = {isa = PBXBuildFile; fileRef = 94A88C001AE3E99E00B03EF8 /* Parse.framework */; };
		94A88C071AE3E99E00B03EF8 /* ParseCrashReporting.framework in Frameworks */ = {isa = PBXBuildFile; fileRef = 94A88C011AE3E99E00B03EF8 /* ParseCrashReporting.framework */; };
		94A88C081AE3E99E00B03EF8 /* ParseFacebookUtils.framework in Frameworks */ = {isa = PBXBuildFile; fileRef = 94A88C021AE3E99E00B03EF8 /* ParseFacebookUtils.framework */; };
		94A88C091AE3E99E00B03EF8 /* ParseFacebookUtilsV4.framework in Frameworks */ = {isa = PBXBuildFile; fileRef = 94A88C031AE3E99E00B03EF8 /* ParseFacebookUtilsV4.framework */; };
		94A88C0A1AE3E99E00B03EF8 /* ParseUI.framework in Frameworks */ = {isa = PBXBuildFile; fileRef = 94A88C041AE3E99E00B03EF8 /* ParseUI.framework */; };
		94A88C0C1AE3E9CC00B03EF8 /* AudioToolbox.framework in Frameworks */ = {isa = PBXBuildFile; fileRef = 94A88C0B1AE3E9CC00B03EF8 /* AudioToolbox.framework */; };
		94A88C0E1AE3E9D300B03EF8 /* CFNetwork.framework in Frameworks */ = {isa = PBXBuildFile; fileRef = 94A88C0D1AE3E9D300B03EF8 /* CFNetwork.framework */; };
		94A88C101AE3E9DD00B03EF8 /* CoreGraphics.framework in Frameworks */ = {isa = PBXBuildFile; fileRef = 94A88C0F1AE3E9DD00B03EF8 /* CoreGraphics.framework */; };
		94A88C121AE3E9E800B03EF8 /* CoreLocation.framework in Frameworks */ = {isa = PBXBuildFile; fileRef = 94A88C111AE3E9E800B03EF8 /* CoreLocation.framework */; };
		94A88C141AE3E9F300B03EF8 /* MobileCoreServices.framework in Frameworks */ = {isa = PBXBuildFile; fileRef = 94A88C131AE3E9F300B03EF8 /* MobileCoreServices.framework */; };
		94A88C161AE3E9FC00B03EF8 /* QuartzCore.framework in Frameworks */ = {isa = PBXBuildFile; fileRef = 94A88C151AE3E9FC00B03EF8 /* QuartzCore.framework */; };
		94A88C181AE3EA0400B03EF8 /* Security.framework in Frameworks */ = {isa = PBXBuildFile; fileRef = 94A88C171AE3EA0400B03EF8 /* Security.framework */; };
		94A88C1A1AE3EA0C00B03EF8 /* StoreKit.framework in Frameworks */ = {isa = PBXBuildFile; fileRef = 94A88C191AE3EA0C00B03EF8 /* StoreKit.framework */; };
		94A88C1C1AE3EA1B00B03EF8 /* SystemConfiguration.framework in Frameworks */ = {isa = PBXBuildFile; fileRef = 94A88C1B1AE3EA1B00B03EF8 /* SystemConfiguration.framework */; };
		94A88C1E1AE3EA2800B03EF8 /* libz.dylib in Frameworks */ = {isa = PBXBuildFile; fileRef = 94A88C1D1AE3EA2800B03EF8 /* libz.dylib */; };
		94A88C201AE3EA3400B03EF8 /* libsqlite3.dylib in Frameworks */ = {isa = PBXBuildFile; fileRef = 94A88C1F1AE3EA3400B03EF8 /* libsqlite3.dylib */; };
		94A88C331AE4497D00B03EF8 /* SplashViewController.m in Sources */ = {isa = PBXBuildFile; fileRef = 94A88C311AE4497D00B03EF8 /* SplashViewController.m */; };
		94A88C341AE4497D00B03EF8 /* SplashViewController.xib in Resources */ = {isa = PBXBuildFile; fileRef = 94A88C321AE4497D00B03EF8 /* SplashViewController.xib */; };
		94A88C381AE44A5800B03EF8 /* BookViewController.m in Sources */ = {isa = PBXBuildFile; fileRef = 94A88C361AE44A5800B03EF8 /* BookViewController.m */; };
		94A88C391AE44A5800B03EF8 /* BookViewController.xib in Resources */ = {isa = PBXBuildFile; fileRef = 94A88C371AE44A5800B03EF8 /* BookViewController.xib */; };
		94A88C3D1AE44F5800B03EF8 /* ListViewController.m in Sources */ = {isa = PBXBuildFile; fileRef = 94A88C3B1AE44F5800B03EF8 /* ListViewController.m */; };
		94A88C3E1AE44F5800B03EF8 /* ListViewController.xib in Resources */ = {isa = PBXBuildFile; fileRef = 94A88C3C1AE44F5800B03EF8 /* ListViewController.xib */; };
		94A88C511AE478FF00B03EF8 /* ListingViewController.m in Sources */ = {isa = PBXBuildFile; fileRef = 94A88C4F1AE478FF00B03EF8 /* ListingViewController.m */; };
		94A88C521AE478FF00B03EF8 /* ListingViewController.xib in Resources */ = {isa = PBXBuildFile; fileRef = 94A88C501AE478FF00B03EF8 /* ListingViewController.xib */; };
/* End PBXBuildFile section */

/* Begin PBXContainerItemProxy section */
		948326E11AE307EC0099EC0A /* PBXContainerItemProxy */ = {
			isa = PBXContainerItemProxy;
			containerPortal = 948326BC1AE307EB0099EC0A /* Project object */;
			proxyType = 1;
			remoteGlobalIDString = 948326C31AE307EB0099EC0A;
			remoteInfo = "Used Books";
		};
/* End PBXContainerItemProxy section */

/* Begin PBXFileReference section */
		948326C41AE307EB0099EC0A /* Used Books.app */ = {isa = PBXFileReference; explicitFileType = wrapper.application; includeInIndex = 0; path = "Used Books.app"; sourceTree = BUILT_PRODUCTS_DIR; };
		948326C81AE307EB0099EC0A /* Info.plist */ = {isa = PBXFileReference; lastKnownFileType = text.plist.xml; path = Info.plist; sourceTree = "<group>"; };
		948326C91AE307EB0099EC0A /* main.m */ = {isa = PBXFileReference; lastKnownFileType = sourcecode.c.objc; path = main.m; sourceTree = "<group>"; };
		948326CB1AE307EB0099EC0A /* AppDelegate.h */ = {isa = PBXFileReference; lastKnownFileType = sourcecode.c.h; path = AppDelegate.h; sourceTree = "<group>"; };
		948326CC1AE307EB0099EC0A /* AppDelegate.m */ = {isa = PBXFileReference; lastKnownFileType = sourcecode.c.objc; path = AppDelegate.m; sourceTree = "<group>"; };
		948326CE1AE307EB0099EC0A /* MasterViewController.h */ = {isa = PBXFileReference; lastKnownFileType = sourcecode.c.h; path = MasterViewController.h; sourceTree = "<group>"; };
		948326CF1AE307EB0099EC0A /* MasterViewController.m */ = {isa = PBXFileReference; lastKnownFileType = sourcecode.c.objc; path = MasterViewController.m; sourceTree = "<group>"; };
		948326D11AE307EB0099EC0A /* DetailViewController.h */ = {isa = PBXFileReference; lastKnownFileType = sourcecode.c.h; path = DetailViewController.h; sourceTree = "<group>"; };
		948326D21AE307EB0099EC0A /* DetailViewController.m */ = {isa = PBXFileReference; lastKnownFileType = sourcecode.c.objc; path = DetailViewController.m; sourceTree = "<group>"; };
		948326D71AE307EB0099EC0A /* Images.xcassets */ = {isa = PBXFileReference; lastKnownFileType = folder.assetcatalog; path = Images.xcassets; sourceTree = "<group>"; };
		948326DA1AE307EB0099EC0A /* Base */ = {isa = PBXFileReference; lastKnownFileType = file.xib; name = Base; path = Base.lproj/LaunchScreen.xib; sourceTree = "<group>"; };
		948326E01AE307EC0099EC0A /* Used BooksTests.xctest */ = {isa = PBXFileReference; explicitFileType = wrapper.cfbundle; includeInIndex = 0; path = "Used BooksTests.xctest"; sourceTree = BUILT_PRODUCTS_DIR; };
		948326E51AE307EC0099EC0A /* Info.plist */ = {isa = PBXFileReference; lastKnownFileType = text.plist.xml; path = Info.plist; sourceTree = "<group>"; };
		948326E61AE307EC0099EC0A /* Used_BooksTests.m */ = {isa = PBXFileReference; lastKnownFileType = sourcecode.c.objc; path = Used_BooksTests.m; sourceTree = "<group>"; };
		948326F51AE30CE00099EC0A /* EditViewController.h */ = {isa = PBXFileReference; fileEncoding = 4; lastKnownFileType = sourcecode.c.h; path = EditViewController.h; sourceTree = "<group>"; };
		948326F61AE30CE00099EC0A /* EditViewController.m */ = {isa = PBXFileReference; fileEncoding = 4; lastKnownFileType = sourcecode.c.objc; path = EditViewController.m; sourceTree = "<group>"; };
		948326F71AE30CE00099EC0A /* EditViewController.xib */ = {isa = PBXFileReference; fileEncoding = 4; lastKnownFileType = file.xib; name = EditViewController.xib; path = "Used Books/EditViewController.xib"; sourceTree = SOURCE_ROOT; };
		94A88BFF1AE3E99E00B03EF8 /* Bolts.framework */ = {isa = PBXFileReference; lastKnownFileType = wrapper.framework; path = Bolts.framework; sourceTree = "<group>"; };
		94A88C001AE3E99E00B03EF8 /* Parse.framework */ = {isa = PBXFileReference; lastKnownFileType = wrapper.framework; path = Parse.framework; sourceTree = "<group>"; };
		94A88C011AE3E99E00B03EF8 /* ParseCrashReporting.framework */ = {isa = PBXFileReference; lastKnownFileType = wrapper.framework; path = ParseCrashReporting.framework; sourceTree = "<group>"; };
		94A88C021AE3E99E00B03EF8 /* ParseFacebookUtils.framework */ = {isa = PBXFileReference; lastKnownFileType = wrapper.framework; path = ParseFacebookUtils.framework; sourceTree = "<group>"; };
		94A88C031AE3E99E00B03EF8 /* ParseFacebookUtilsV4.framework */ = {isa = PBXFileReference; lastKnownFileType = wrapper.framework; path = ParseFacebookUtilsV4.framework; sourceTree = "<group>"; };
		94A88C041AE3E99E00B03EF8 /* ParseUI.framework */ = {isa = PBXFileReference; lastKnownFileType = wrapper.framework; path = ParseUI.framework; sourceTree = "<group>"; };
		94A88C0B1AE3E9CC00B03EF8 /* AudioToolbox.framework */ = {isa = PBXFileReference; lastKnownFileType = wrapper.framework; name = AudioToolbox.framework; path = System/Library/Frameworks/AudioToolbox.framework; sourceTree = SDKROOT; };
		94A88C0D1AE3E9D300B03EF8 /* CFNetwork.framework */ = {isa = PBXFileReference; lastKnownFileType = wrapper.framework; name = CFNetwork.framework; path = System/Library/Frameworks/CFNetwork.framework; sourceTree = SDKROOT; };
		94A88C0F1AE3E9DD00B03EF8 /* CoreGraphics.framework */ = {isa = PBXFileReference; lastKnownFileType = wrapper.framework; name = CoreGraphics.framework; path = System/Library/Frameworks/CoreGraphics.framework; sourceTree = SDKROOT; };
		94A88C111AE3E9E800B03EF8 /* CoreLocation.framework */ = {isa = PBXFileReference; lastKnownFileType = wrapper.framework; name = CoreLocation.framework; path = System/Library/Frameworks/CoreLocation.framework; sourceTree = SDKROOT; };
		94A88C131AE3E9F300B03EF8 /* MobileCoreServices.framework */ = {isa = PBXFileReference; lastKnownFileType = wrapper.framework; name = MobileCoreServices.framework; path = System/Library/Frameworks/MobileCoreServices.framework; sourceTree = SDKROOT; };
		94A88C151AE3E9FC00B03EF8 /* QuartzCore.framework */ = {isa = PBXFileReference; lastKnownFileType = wrapper.framework; name = QuartzCore.framework; path = System/Library/Frameworks/QuartzCore.framework; sourceTree = SDKROOT; };
		94A88C171AE3EA0400B03EF8 /* Security.framework */ = {isa = PBXFileReference; lastKnownFileType = wrapper.framework; name = Security.framework; path = System/Library/Frameworks/Security.framework; sourceTree = SDKROOT; };
		94A88C191AE3EA0C00B03EF8 /* StoreKit.framework */ = {isa = PBXFileReference; lastKnownFileType = wrapper.framework; name = StoreKit.framework; path = System/Library/Frameworks/StoreKit.framework; sourceTree = SDKROOT; };
		94A88C1B1AE3EA1B00B03EF8 /* SystemConfiguration.framework */ = {isa = PBXFileReference; lastKnownFileType = wrapper.framework; name = SystemConfiguration.framework; path = System/Library/Frameworks/SystemConfiguration.framework; sourceTree = SDKROOT; };
		94A88C1D1AE3EA2800B03EF8 /* libz.dylib */ = {isa = PBXFileReference; lastKnownFileType = "compiled.mach-o.dylib"; name = libz.dylib; path = usr/lib/libz.dylib; sourceTree = SDKROOT; };
		94A88C1F1AE3EA3400B03EF8 /* libsqlite3.dylib */ = {isa = PBXFileReference; lastKnownFileType = "compiled.mach-o.dylib"; name = libsqlite3.dylib; path = usr/lib/libsqlite3.dylib; sourceTree = SDKROOT; };
		94A88C301AE4497D00B03EF8 /* SplashViewController.h */ = {isa = PBXFileReference; fileEncoding = 4; lastKnownFileType = sourcecode.c.h; path = SplashViewController.h; sourceTree = "<group>"; };
		94A88C311AE4497D00B03EF8 /* SplashViewController.m */ = {isa = PBXFileReference; fileEncoding = 4; lastKnownFileType = sourcecode.c.objc; path = SplashViewController.m; sourceTree = "<group>"; };
		94A88C321AE4497D00B03EF8 /* SplashViewController.xib */ = {isa = PBXFileReference; fileEncoding = 4; lastKnownFileType = file.xib; path = SplashViewController.xib; sourceTree = "<group>"; };
		94A88C351AE44A5800B03EF8 /* BookViewController.h */ = {isa = PBXFileReference; fileEncoding = 4; lastKnownFileType = sourcecode.c.h; path = BookViewController.h; sourceTree = "<group>"; };
		94A88C361AE44A5800B03EF8 /* BookViewController.m */ = {isa = PBXFileReference; fileEncoding = 4; lastKnownFileType = sourcecode.c.objc; path = BookViewController.m; sourceTree = "<group>"; };
		94A88C371AE44A5800B03EF8 /* BookViewController.xib */ = {isa = PBXFileReference; fileEncoding = 4; lastKnownFileType = file.xib; path = BookViewController.xib; sourceTree = "<group>"; };
		94A88C3A1AE44F5800B03EF8 /* ListViewController.h */ = {isa = PBXFileReference; fileEncoding = 4; lastKnownFileType = sourcecode.c.h; path = ListViewController.h; sourceTree = "<group>"; };
		94A88C3B1AE44F5800B03EF8 /* ListViewController.m */ = {isa = PBXFileReference; fileEncoding = 4; lastKnownFileType = sourcecode.c.objc; path = ListViewController.m; sourceTree = "<group>"; };
		94A88C3C1AE44F5800B03EF8 /* ListViewController.xib */ = {isa = PBXFileReference; fileEncoding = 4; lastKnownFileType = file.xib; path = ListViewController.xib; sourceTree = "<group>"; };
		94A88C4E1AE478FF00B03EF8 /* ListingViewController.h */ = {isa = PBXFileReference; fileEncoding = 4; lastKnownFileType = sourcecode.c.h; path = ListingViewController.h; sourceTree = "<group>"; };
		94A88C4F1AE478FF00B03EF8 /* ListingViewController.m */ = {isa = PBXFileReference; fileEncoding = 4; lastKnownFileType = sourcecode.c.objc; path = ListingViewController.m; sourceTree = "<group>"; };
		94A88C501AE478FF00B03EF8 /* ListingViewController.xib */ = {isa = PBXFileReference; fileEncoding = 4; lastKnownFileType = file.xib; path = ListingViewController.xib; sourceTree = "<group>"; };
/* End PBXFileReference section */

/* Begin PBXFrameworksBuildPhase section */
		948326C11AE307EB0099EC0A /* Frameworks */ = {
			isa = PBXFrameworksBuildPhase;
			buildActionMask = 2147483647;
			files = (
				94A88C201AE3EA3400B03EF8 /* libsqlite3.dylib in Frameworks */,
				94A88C1E1AE3EA2800B03EF8 /* libz.dylib in Frameworks */,
				94A88C1C1AE3EA1B00B03EF8 /* SystemConfiguration.framework in Frameworks */,
				94A88C1A1AE3EA0C00B03EF8 /* StoreKit.framework in Frameworks */,
				94A88C181AE3EA0400B03EF8 /* Security.framework in Frameworks */,
				94A88C161AE3E9FC00B03EF8 /* QuartzCore.framework in Frameworks */,
				94A88C141AE3E9F300B03EF8 /* MobileCoreServices.framework in Frameworks */,
				94A88C121AE3E9E800B03EF8 /* CoreLocation.framework in Frameworks */,
				94A88C101AE3E9DD00B03EF8 /* CoreGraphics.framework in Frameworks */,
				94A88C0E1AE3E9D300B03EF8 /* CFNetwork.framework in Frameworks */,
				94A88C0C1AE3E9CC00B03EF8 /* AudioToolbox.framework in Frameworks */,
				94A88C0A1AE3E99E00B03EF8 /* ParseUI.framework in Frameworks */,
				94A88C061AE3E99E00B03EF8 /* Parse.framework in Frameworks */,
				94A88C071AE3E99E00B03EF8 /* ParseCrashReporting.framework in Frameworks */,
				94A88C081AE3E99E00B03EF8 /* ParseFacebookUtils.framework in Frameworks */,
				94A88C051AE3E99E00B03EF8 /* Bolts.framework in Frameworks */,
				94A88C091AE3E99E00B03EF8 /* ParseFacebookUtilsV4.framework in Frameworks */,
			);
			runOnlyForDeploymentPostprocessing = 0;
		};
		948326DD1AE307EC0099EC0A /* Frameworks */ = {
			isa = PBXFrameworksBuildPhase;
			buildActionMask = 2147483647;
			files = (
			);
			runOnlyForDeploymentPostprocessing = 0;
		};
/* End PBXFrameworksBuildPhase section */

/* Begin PBXGroup section */
		948326BB1AE307EB0099EC0A = {
			isa = PBXGroup;
			children = (
				94A88BFE1AE3E93400B03EF8 /* Frameworks */,
				948326C61AE307EB0099EC0A /* Used Books */,
				948326E31AE307EC0099EC0A /* Used BooksTests */,
				948326C51AE307EB0099EC0A /* Products */,
			);
			sourceTree = "<group>";
		};
		948326C51AE307EB0099EC0A /* Products */ = {
			isa = PBXGroup;
			children = (
				948326C41AE307EB0099EC0A /* Used Books.app */,
				948326E01AE307EC0099EC0A /* Used BooksTests.xctest */,
			);
			name = Products;
			sourceTree = "<group>";
		};
		948326C61AE307EB0099EC0A /* Used Books */ = {
			isa = PBXGroup;
			children = (
				948326CB1AE307EB0099EC0A /* AppDelegate.h */,
				948326CC1AE307EB0099EC0A /* AppDelegate.m */,
				948326CE1AE307EB0099EC0A /* MasterViewController.h */,
				948326CF1AE307EB0099EC0A /* MasterViewController.m */,
				948326D11AE307EB0099EC0A /* DetailViewController.h */,
				948326D21AE307EB0099EC0A /* DetailViewController.m */,
				948326D71AE307EB0099EC0A /* Images.xcassets */,
				948326D91AE307EB0099EC0A /* LaunchScreen.xib */,
				948326C71AE307EB0099EC0A /* Supporting Files */,
				948326F51AE30CE00099EC0A /* EditViewController.h */,
				948326F61AE30CE00099EC0A /* EditViewController.m */,
				948326F71AE30CE00099EC0A /* EditViewController.xib */,
				94A88C301AE4497D00B03EF8 /* SplashViewController.h */,
				94A88C311AE4497D00B03EF8 /* SplashViewController.m */,
				94A88C321AE4497D00B03EF8 /* SplashViewController.xib */,
				94A88C351AE44A5800B03EF8 /* BookViewController.h */,
				94A88C361AE44A5800B03EF8 /* BookViewController.m */,
				94A88C371AE44A5800B03EF8 /* BookViewController.xib */,
				94A88C3A1AE44F5800B03EF8 /* ListViewController.h */,
				94A88C3B1AE44F5800B03EF8 /* ListViewController.m */,
				94A88C3C1AE44F5800B03EF8 /* ListViewController.xib */,
				94A88C4E1AE478FF00B03EF8 /* ListingViewController.h */,
				94A88C4F1AE478FF00B03EF8 /* ListingViewController.m */,
				94A88C501AE478FF00B03EF8 /* ListingViewController.xib */,
			);
			path = "Used Books";
			sourceTree = "<group>";
		};
		948326C71AE307EB0099EC0A /* Supporting Files */ = {
			isa = PBXGroup;
			children = (
				948326C81AE307EB0099EC0A /* Info.plist */,
				948326C91AE307EB0099EC0A /* main.m */,
			);
			name = "Supporting Files";
			sourceTree = "<group>";
		};
		948326E31AE307EC0099EC0A /* Used BooksTests */ = {
			isa = PBXGroup;
			children = (
				948326E61AE307EC0099EC0A /* Used_BooksTests.m */,
				948326E41AE307EC0099EC0A /* Supporting Files */,
			);
			path = "Used BooksTests";
			sourceTree = "<group>";
		};
		948326E41AE307EC0099EC0A /* Supporting Files */ = {
			isa = PBXGroup;
			children = (
				948326E51AE307EC0099EC0A /* Info.plist */,
			);
			name = "Supporting Files";
			sourceTree = "<group>";
		};
		94A88BFE1AE3E93400B03EF8 /* Frameworks */ = {
			isa = PBXGroup;
			children = (
				94A88C1F1AE3EA3400B03EF8 /* libsqlite3.dylib */,
				94A88C1D1AE3EA2800B03EF8 /* libz.dylib */,
				94A88C1B1AE3EA1B00B03EF8 /* SystemConfiguration.framework */,
				94A88C191AE3EA0C00B03EF8 /* StoreKit.framework */,
				94A88C171AE3EA0400B03EF8 /* Security.framework */,
				94A88C151AE3E9FC00B03EF8 /* QuartzCore.framework */,
				94A88C131AE3E9F300B03EF8 /* MobileCoreServices.framework */,
				94A88C111AE3E9E800B03EF8 /* CoreLocation.framework */,
				94A88C0F1AE3E9DD00B03EF8 /* CoreGraphics.framework */,
				94A88C0D1AE3E9D300B03EF8 /* CFNetwork.framework */,
				94A88C0B1AE3E9CC00B03EF8 /* AudioToolbox.framework */,
				94A88BFF1AE3E99E00B03EF8 /* Bolts.framework */,
				94A88C001AE3E99E00B03EF8 /* Parse.framework */,
				94A88C011AE3E99E00B03EF8 /* ParseCrashReporting.framework */,
				94A88C021AE3E99E00B03EF8 /* ParseFacebookUtils.framework */,
				94A88C031AE3E99E00B03EF8 /* ParseFacebookUtilsV4.framework */,
				94A88C041AE3E99E00B03EF8 /* ParseUI.framework */,
			);
			name = Frameworks;
			sourceTree = "<group>";
		};
/* End PBXGroup section */

/* Begin PBXNativeTarget section */
		948326C31AE307EB0099EC0A /* Used Books */ = {
			isa = PBXNativeTarget;
			buildConfigurationList = 948326EA1AE307EC0099EC0A /* Build configuration list for PBXNativeTarget "Used Books" */;
			buildPhases = (
				948326C01AE307EB0099EC0A /* Sources */,
				948326C11AE307EB0099EC0A /* Frameworks */,
				948326C21AE307EB0099EC0A /* Resources */,
			);
			buildRules = (
			);
			dependencies = (
			);
			name = "Used Books";
			productName = "Used Books";
			productReference = 948326C41AE307EB0099EC0A /* Used Books.app */;
			productType = "com.apple.product-type.application";
		};
		948326DF1AE307EC0099EC0A /* Used BooksTests */ = {
			isa = PBXNativeTarget;
			buildConfigurationList = 948326ED1AE307EC0099EC0A /* Build configuration list for PBXNativeTarget "Used BooksTests" */;
			buildPhases = (
				948326DC1AE307EC0099EC0A /* Sources */,
				948326DD1AE307EC0099EC0A /* Frameworks */,
				948326DE1AE307EC0099EC0A /* Resources */,
			);
			buildRules = (
			);
			dependencies = (
				948326E21AE307EC0099EC0A /* PBXTargetDependency */,
			);
			name = "Used BooksTests";
			productName = "Used BooksTests";
			productReference = 948326E01AE307EC0099EC0A /* Used BooksTests.xctest */;
			productType = "com.apple.product-type.bundle.unit-test";
		};
/* End PBXNativeTarget section */

/* Begin PBXProject section */
		948326BC1AE307EB0099EC0A /* Project object */ = {
			isa = PBXProject;
			attributes = {
				LastUpgradeCheck = 0630;
				ORGANIZATIONNAME = "Vimal Atreya Ramaka";
				TargetAttributes = {
					948326C31AE307EB0099EC0A = {
						CreatedOnToolsVersion = 6.3;
					};
					948326DF1AE307EC0099EC0A = {
						CreatedOnToolsVersion = 6.3;
						TestTargetID = 948326C31AE307EB0099EC0A;
					};
				};
			};
			buildConfigurationList = 948326BF1AE307EB0099EC0A /* Build configuration list for PBXProject "Used Books" */;
			compatibilityVersion = "Xcode 3.2";
			developmentRegion = English;
			hasScannedForEncodings = 0;
			knownRegions = (
				en,
				Base,
			);
			mainGroup = 948326BB1AE307EB0099EC0A;
			productRefGroup = 948326C51AE307EB0099EC0A /* Products */;
			projectDirPath = "";
			projectRoot = "";
			targets = (
				948326C31AE307EB0099EC0A /* Used Books */,
				948326DF1AE307EC0099EC0A /* Used BooksTests */,
			);
		};
/* End PBXProject section */

/* Begin PBXResourcesBuildPhase section */
		948326C21AE307EB0099EC0A /* Resources */ = {
			isa = PBXResourcesBuildPhase;
			buildActionMask = 2147483647;
			files = (
				948326F91AE30CE00099EC0A /* EditViewController.xib in Resources */,
				948326DB1AE307EB0099EC0A /* LaunchScreen.xib in Resources */,
				94A88C3E1AE44F5800B03EF8 /* ListViewController.xib in Resources */,
				94A88C521AE478FF00B03EF8 /* ListingViewController.xib in Resources */,
				94A88C341AE4497D00B03EF8 /* SplashViewController.xib in Resources */,
				948326D81AE307EB0099EC0A /* Images.xcassets in Resources */,
				94A88C391AE44A5800B03EF8 /* BookViewController.xib in Resources */,
			);
			runOnlyForDeploymentPostprocessing = 0;
		};
		948326DE1AE307EC0099EC0A /* Resources */ = {
			isa = PBXResourcesBuildPhase;
			buildActionMask = 2147483647;
			files = (
			);
			runOnlyForDeploymentPostprocessing = 0;
		};
/* End PBXResourcesBuildPhase section */

/* Begin PBXSourcesBuildPhase section */
		948326C01AE307EB0099EC0A /* Sources */ = {
			isa = PBXSourcesBuildPhase;
			buildActionMask = 2147483647;
			files = (
				94A88C511AE478FF00B03EF8 /* ListingViewController.m in Sources */,
				948326CD1AE307EB0099EC0A /* AppDelegate.m in Sources */,
				94A88C381AE44A5800B03EF8 /* BookViewController.m in Sources */,
				94A88C3D1AE44F5800B03EF8 /* ListViewController.m in Sources */,
				94A88C331AE4497D00B03EF8 /* SplashViewController.m in Sources */,
				948326D01AE307EB0099EC0A /* MasterViewController.m in Sources */,
				948326CA1AE307EB0099EC0A /* main.m in Sources */,
				948326D31AE307EB0099EC0A /* DetailViewController.m in Sources */,
				948326F81AE30CE00099EC0A /* EditViewController.m in Sources */,
			);
			runOnlyForDeploymentPostprocessing = 0;
		};
		948326DC1AE307EC0099EC0A /* Sources */ = {
			isa = PBXSourcesBuildPhase;
			buildActionMask = 2147483647;
			files = (
				948326E71AE307EC0099EC0A /* Used_BooksTests.m in Sources */,
			);
			runOnlyForDeploymentPostprocessing = 0;
		};
/* End PBXSourcesBuildPhase section */

/* Begin PBXTargetDependency section */
		948326E21AE307EC0099EC0A /* PBXTargetDependency */ = {
			isa = PBXTargetDependency;
			target = 948326C31AE307EB0099EC0A /* Used Books */;
			targetProxy = 948326E11AE307EC0099EC0A /* PBXContainerItemProxy */;
		};
/* End PBXTargetDependency section */

/* Begin PBXVariantGroup section */
		948326D91AE307EB0099EC0A /* LaunchScreen.xib */ = {
			isa = PBXVariantGroup;
			children = (
				948326DA1AE307EB0099EC0A /* Base */,
			);
			name = LaunchScreen.xib;
			sourceTree = "<group>";
		};
/* End PBXVariantGroup section */

/* Begin XCBuildConfiguration section */
		948326E81AE307EC0099EC0A /* Debug */ = {
			isa = XCBuildConfiguration;
			buildSettings = {
				ALWAYS_SEARCH_USER_PATHS = NO;
				CLANG_CXX_LANGUAGE_STANDARD = "gnu++0x";
				CLANG_CXX_LIBRARY = "libc++";
				CLANG_ENABLE_MODULES = YES;
				CLANG_ENABLE_OBJC_ARC = YES;
				CLANG_WARN_BOOL_CONVERSION = YES;
				CLANG_WARN_CONSTANT_CONVERSION = YES;
				CLANG_WARN_DIRECT_OBJC_ISA_USAGE = YES_ERROR;
				CLANG_WARN_EMPTY_BODY = YES;
				CLANG_WARN_ENUM_CONVERSION = YES;
				CLANG_WARN_INT_CONVERSION = YES;
				CLANG_WARN_OBJC_ROOT_CLASS = YES_ERROR;
				CLANG_WARN_UNREACHABLE_CODE = YES;
				CLANG_WARN__DUPLICATE_METHOD_MATCH = YES;
				"CODE_SIGN_IDENTITY[sdk=iphoneos*]" = "iPhone Developer";
				COPY_PHASE_STRIP = NO;
				DEBUG_INFORMATION_FORMAT = "dwarf-with-dsym";
				ENABLE_STRICT_OBJC_MSGSEND = YES;
				GCC_C_LANGUAGE_STANDARD = gnu99;
				GCC_DYNAMIC_NO_PIC = NO;
				GCC_NO_COMMON_BLOCKS = YES;
				GCC_OPTIMIZATION_LEVEL = 0;
				GCC_PREPROCESSOR_DEFINITIONS = (
					"DEBUG=1",
					"$(inherited)",
				);
				GCC_SYMBOLS_PRIVATE_EXTERN = NO;
				GCC_WARN_64_TO_32_BIT_CONVERSION = YES;
				GCC_WARN_ABOUT_RETURN_TYPE = YES_ERROR;
				GCC_WARN_UNDECLARED_SELECTOR = YES;
				GCC_WARN_UNINITIALIZED_AUTOS = YES_AGGRESSIVE;
				GCC_WARN_UNUSED_FUNCTION = YES;
				GCC_WARN_UNUSED_VARIABLE = YES;
				IPHONEOS_DEPLOYMENT_TARGET = 8.3;
				MTL_ENABLE_DEBUG_INFO = YES;
				ONLY_ACTIVE_ARCH = YES;
				SDKROOT = iphoneos;
			};
			name = Debug;
		};
		948326E91AE307EC0099EC0A /* Release */ = {
			isa = XCBuildConfiguration;
			buildSettings = {
				ALWAYS_SEARCH_USER_PATHS = NO;
				CLANG_CXX_LANGUAGE_STANDARD = "gnu++0x";
				CLANG_CXX_LIBRARY = "libc++";
				CLANG_ENABLE_MODULES = YES;
				CLANG_ENABLE_OBJC_ARC = YES;
				CLANG_WARN_BOOL_CONVERSION = YES;
				CLANG_WARN_CONSTANT_CONVERSION = YES;
				CLANG_WARN_DIRECT_OBJC_ISA_USAGE = YES_ERROR;
				CLANG_WARN_EMPTY_BODY = YES;
				CLANG_WARN_ENUM_CONVERSION = YES;
				CLANG_WARN_INT_CONVERSION = YES;
				CLANG_WARN_OBJC_ROOT_CLASS = YES_ERROR;
				CLANG_WARN_UNREACHABLE_CODE = YES;
				CLANG_WARN__DUPLICATE_METHOD_MATCH = YES;
				"CODE_SIGN_IDENTITY[sdk=iphoneos*]" = "iPhone Developer";
				COPY_PHASE_STRIP = NO;
				DEBUG_INFORMATION_FORMAT = "dwarf-with-dsym";
				ENABLE_NS_ASSERTIONS = NO;
				ENABLE_STRICT_OBJC_MSGSEND = YES;
				GCC_C_LANGUAGE_STANDARD = gnu99;
				GCC_NO_COMMON_BLOCKS = YES;
				GCC_WARN_64_TO_32_BIT_CONVERSION = YES;
				GCC_WARN_ABOUT_RETURN_TYPE = YES_ERROR;
				GCC_WARN_UNDECLARED_SELECTOR = YES;
				GCC_WARN_UNINITIALIZED_AUTOS = YES_AGGRESSIVE;
				GCC_WARN_UNUSED_FUNCTION = YES;
				GCC_WARN_UNUSED_VARIABLE = YES;
				IPHONEOS_DEPLOYMENT_TARGET = 8.3;
				MTL_ENABLE_DEBUG_INFO = NO;
				SDKROOT = iphoneos;
				VALIDATE_PRODUCT = YES;
			};
			name = Release;
		};
		948326EB1AE307EC0099EC0A /* Debug */ = {
			isa = XCBuildConfiguration;
			buildSettings = {
				ASSETCATALOG_COMPILER_APPICON_NAME = AppIcon;
				FRAMEWORK_SEARCH_PATHS = (
					"$(inherited)",
					"$(PROJECT_DIR)",
				);
				INFOPLIST_FILE = "Used Books/Info.plist";
				LD_RUNPATH_SEARCH_PATHS = "$(inherited) @executable_path/Frameworks";
				PRODUCT_NAME = "$(TARGET_NAME)";
			};
			name = Debug;
		};
		948326EC1AE307EC0099EC0A /* Release */ = {
			isa = XCBuildConfiguration;
			buildSettings = {
				ASSETCATALOG_COMPILER_APPICON_NAME = AppIcon;
				FRAMEWORK_SEARCH_PATHS = (
					"$(inherited)",
					"$(PROJECT_DIR)",
				);
				INFOPLIST_FILE = "Used Books/Info.plist";
				LD_RUNPATH_SEARCH_PATHS = "$(inherited) @executable_path/Frameworks";
				PRODUCT_NAME = "$(TARGET_NAME)";
			};
			name = Release;
		};
		948326EE1AE307EC0099EC0A /* Debug */ = {
			isa = XCBuildConfiguration;
			buildSettings = {
				BUNDLE_LOADER = "$(TEST_HOST)";
				FRAMEWORK_SEARCH_PATHS = (
					"$(SDKROOT)/Developer/Library/Frameworks",
					"$(inherited)",
				);
				GCC_PREPROCESSOR_DEFINITIONS = (
					"DEBUG=1",
					"$(inherited)",
				);
				INFOPLIST_FILE = "Used BooksTests/Info.plist";
				LD_RUNPATH_SEARCH_PATHS = "$(inherited) @executable_path/Frameworks @loader_path/Frameworks";
				PRODUCT_NAME = "$(TARGET_NAME)";
				TEST_HOST = "$(BUILT_PRODUCTS_DIR)/Used Books.app/Used Books";
			};
			name = Debug;
		};
		948326EF1AE307EC0099EC0A /* Release */ = {
			isa = XCBuildConfiguration;
			buildSettings = {
				BUNDLE_LOADER = "$(TEST_HOST)";
				FRAMEWORK_SEARCH_PATHS = (
					"$(SDKROOT)/Developer/Library/Frameworks",
					"$(inherited)",
				);
				INFOPLIST_FILE = "Used BooksTests/Info.plist";
				LD_RUNPATH_SEARCH_PATHS = "$(inherited) @executable_path/Frameworks @loader_path/Frameworks";
				PRODUCT_NAME = "$(TARGET_NAME)";
				TEST_HOST = "$(BUILT_PRODUCTS_DIR)/Used Books.app/Used Books";
			};
			name = Release;
		};
/* End XCBuildConfiguration section */

/* Begin XCConfigurationList section */
		948326BF1AE307EB0099EC0A /* Build configuration list for PBXProject "Used Books" */ = {
			isa = XCConfigurationList;
			buildConfigurations = (
				948326E81AE307EC0099EC0A /* Debug */,
				948326E91AE307EC0099EC0A /* Release */,
			);
			defaultConfigurationIsVisible = 0;
			defaultConfigurationName = Release;
		};
		948326EA1AE307EC0099EC0A /* Build configuration list for PBXNativeTarget "Used Books" */ = {
			isa = XCConfigurationList;
			buildConfigurations = (
				948326EB1AE307EC0099EC0A /* Debug */,
				948326EC1AE307EC0099EC0A /* Release */,
			);
			defaultConfigurationIsVisible = 0;
			defaultConfigurationName = Release;
		};
		948326ED1AE307EC0099EC0A /* Build configuration list for PBXNativeTarget "Used BooksTests" */ = {
			isa = XCConfigurationList;
			buildConfigurations = (
				948326EE1AE307EC0099EC0A /* Debug */,
				948326EF1AE307EC0099EC0A /* Release */,
			);
			defaultConfigurationIsVisible = 0;
			defaultConfigurationName = Release;
		};
/* End XCConfigurationList section */
	};
	rootObject = 948326BC1AE307EB0099EC0A /* Project object */;
}
